__metadata:
  version: 6
  cacheKey: 8

"@adobe/css-tools@npm:^4.0.1":
  version: 4.0.1
  resolution: "@adobe/css-tools@npm:4.0.1"
  checksum: 80226e2229024c21da9ffa6b5cd4a34b931f071e06f45aba4777ade071d7a6c94605cf73b13718b0c4b34e8b124c65c607b82eaa53a326d3eb73d9682a04a593
  languageName: node
  linkType: hard
